
Microsoft Visual Studio Solution File, Format Version 12.00
# Visual Studio Version 17
VisualStudioVersion = 17.3.32819.101
MinimumVisualStudioVersion = 10.0.40219.1
Project("{FAE04EC0-301F-11D3-BF4B-00C04F79EFBC}") = "Template_BackEndProject", "Template_BackEndProject.csproj", "{1E3A6289-AC42-4997-8C6B-4B8C63C08E52}"
EndProject
Global
	GlobalSection(SolutionConfigurationPlatforms) = preSolution
		Debug|Any CPU = Debug|Any CPU
		Release|Any CPU = Release|Any CPU
	EndGlobalSection
	GlobalSection(ProjectConfigurationPlatforms) = postSolution
		{1E3A6289-AC42-4997-8C6B-4B8C63C08E52}.Debug|Any CPU.ActiveCfg = Debug|Any CPU
		{1E3A6289-AC42-4997-8C6B-4B8C63C08E52}.Debug|Any CPU.Build.0 = Debug|Any CPU
		{1E3A6289-AC42-4997-8C6B-4B8C63C08E52}.Release|Any CPU.ActiveCfg = Release|Any CPU
		{1E3A6289-AC42-4997-8C6B-4B8C63C08E52}.Release|Any CPU.Build.0 = Release|Any CPU
	EndGlobalSection
	GlobalSection(SolutionProperties) = preSolution
		HideSolutionNode = FALSE
	EndGlobalSection
	GlobalSection(ExtensibilityGlobals) = postSolution
		SolutionGuid = {5334AD7C-B892-4AD7-9B30-909FA536E96E}
	EndGlobalSection
EndGlobal
